# This file was autogenerated by Stack.
# You should not edit this file by hand.
# For more information, please see the documentation at:
#   https://docs.haskellstack.org/en/stable/lock_files

packages:
- completed:
    size: 13119
    url: https://github.com/xldenis/bv-sized/archive/9e9598976685c0a1ab54cb4729d4088edffef399.tar.gz
    cabal-file:
      size: 1765
      sha256: 44e534a0fd9107237eeff3ba185b12f6c14563a6dddbfb6272081b50d36e200e
    name: bv-sized
    version: 0.6.0
    sha256: d9dabb0b070b747a5df0afaa8dd1131474c8b2b61bfc5c496e25db08ae5274fc
    pantry-tree:
      size: 710
      sha256: 25887ec954ab6d240336ad268714ab1fbfa3bb43b934606e827c7a22f6316b19
  original:
    url: https://github.com/xldenis/bv-sized/archive/9e9598976685c0a1ab54cb4729d4088edffef399.tar.gz
- completed:
    size: 69407
    url: https://github.com/GaloisInc/parameterized-utils/archive/573322c4d3ffc567b71d3fdb7c1993edb7e8a34b.tar.gz
    cabal-file:
      size: 3007
      sha256: 13caaa7f9cb60460d979ea33bd6143ea1b1a5be83320a5066a6e3e5f3ff72387
    name: parameterized-utils
    version: 1.0.8
    sha256: f4c1da4767c453cb7d4959a3e6519a02b56e40f494c52e628910d8378d7b9e2a
    pantry-tree:
      size: 2774
      sha256: 7a147d2f3b75606589bf283991b3b01817455d0fa1da137932b4f551dac7dc78
  original:
    url: https://github.com/GaloisInc/parameterized-utils/archive/573322c4d3ffc567b71d3fdb7c1993edb7e8a34b.tar.gz
- completed:
    hackage: graphviz-2999.20.0.3@sha256:cde383c356bc41136ed53cd27e0800f46dbd2185600dd0de18d66d5c49739d94,7677
    pantry-tree:
      size: 4322
      sha256: f7d9f7e161d68a5783d915358c28a95a2b8c94f3e302325fa604b91e8d2295c8
  original:
    hackage: graphviz-2999.20.0.3@sha256:cde383c356bc41136ed53cd27e0800f46dbd2185600dd0de18d66d5c49739d94
snapshots:
- completed:
    size: 496698
    url: https://raw.githubusercontent.com/commercialhaskell/stackage-snapshots/master/lts/13/10.yaml
    sha256: cccd8a6de18d13cd00f751b25684b3ca1e548648ea41874de78904fec1b9cb36
  original: lts-13.10
