# This file was autogenerated by Stack.
# You should not edit this file by hand.
# For more information, please see the documentation at:
#   https://docs.haskellstack.org/en/stable/lock_files

packages:
- completed:
    name: bv-sized
    pantry-tree:
      sha256: 25887ec954ab6d240336ad268714ab1fbfa3bb43b934606e827c7a22f6316b19
      size: 710
    sha256: d9dabb0b070b747a5df0afaa8dd1131474c8b2b61bfc5c496e25db08ae5274fc
    size: 13119
    url: https://github.com/xldenis/bv-sized/archive/9e9598976685c0a1ab54cb4729d4088edffef399.tar.gz
    version: 0.6.0
  original:
    url: https://github.com/xldenis/bv-sized/archive/9e9598976685c0a1ab54cb4729d4088edffef399.tar.gz
snapshots:
- completed:
    sha256: 401a0e813162ba62f04517f60c7d25e93a0f867f94a902421ebf07d1fb5a8c46
    size: 650044
    url: https://raw.githubusercontent.com/commercialhaskell/stackage-snapshots/master/lts/20/21.yaml
  original: lts-20.21
